
Microsoft Visual Studio Solution File, Format Version 12.00
# Visual Studio Version 17
VisualStudioVersion = 17.2.32616.157
MinimumVisualStudioVersion = 10.0.40219.1
Project("{FAE04EC0-301F-11D3-BF4B-00C04F79EFBC}") = "ChatTask", "ChatTask.csproj", "{A2650B97-E12C-44A9-A989-5F01EFF440C9}"
EndProject
Project("{FAE04EC0-301F-11D3-BF4B-00C04F79EFBC}") = "Chat", "..\Chat\Chat.csproj", "{BD92820F-5910-45C0-9CCD-A3DA99035A04}"
	ProjectSection(ProjectDependencies) = postProject
		{A2650B97-E12C-44A9-A989-5F01EFF440C9} = {A2650B97-E12C-44A9-A989-5F01EFF440C9}
	EndProjectSection
EndProject
Global
	GlobalSection(SolutionConfigurationPlatforms) = preSolution
		Debug|Any CPU = Debug|Any CPU
		Release|Any CPU = Release|Any CPU
	EndGlobalSection
	GlobalSection(ProjectConfigurationPlatforms) = postSolution
		{A2650B97-E12C-44A9-A989-5F01EFF440C9}.Debug|Any CPU.ActiveCfg = Debug|Any CPU
		{A2650B97-E12C-44A9-A989-5F01EFF440C9}.Debug|Any CPU.Build.0 = Debug|Any CPU
		{A2650B97-E12C-44A9-A989-5F01EFF440C9}.Release|Any CPU.ActiveCfg = Release|Any CPU
		{A2650B97-E12C-44A9-A989-5F01EFF440C9}.Release|Any CPU.Build.0 = Release|Any CPU
		{BD92820F-5910-45C0-9CCD-A3DA99035A04}.Debug|Any CPU.ActiveCfg = Debug|Any CPU
		{BD92820F-5910-45C0-9CCD-A3DA99035A04}.Debug|Any CPU.Build.0 = Debug|Any CPU
		{BD92820F-5910-45C0-9CCD-A3DA99035A04}.Release|Any CPU.ActiveCfg = Release|Any CPU
		{BD92820F-5910-45C0-9CCD-A3DA99035A04}.Release|Any CPU.Build.0 = Release|Any CPU
	EndGlobalSection
	GlobalSection(SolutionProperties) = preSolution
		HideSolutionNode = FALSE
	EndGlobalSection
	GlobalSection(ExtensibilityGlobals) = postSolution
		SolutionGuid = {5B9C4346-CB04-49C4-BAFA-73C3B7CAF1A3}
	EndGlobalSection
EndGlobal
